{
  "name": "ma1",
  "version": "1.0.0",
  "lockfileVersion": 1,
  "requires": true,
  "dependencies": {
    "jquery": {
      "version": "3.4.1",
      "resolved": "https://registry.npmjs.org/jquery/-/jquery-3.4.1.tgz",
      "integrity": "sha512-36+AdBzCL+y6qjw5Tx7HgzeGCzC81MDDgaUP8ld2zhx58HdqXGoBd+tHdrBMiyjGQs0Hxs/MLZTu/eHNJJuWPw=="
    },
    "super-simple-jquery-slideshow": {
      "version": "1.0.2",
      "resolved": "https://registry.npmjs.org/super-simple-jquery-slideshow/-/super-simple-jquery-slideshow-1.0.2.tgz",
      "integrity": "sha512-X/D+qZCFRV3hF58Buql+Lw3pfx1t+GWhSWDu5mVYIu3S16xZ91r1JGF5DRR3f3tf09VL+SHMAmZTHZu5q3KD9g=="
    }
  }
}
